
Microsoft Visual Studio Solution File, Format Version 12.00
# Visual Studio Version 17
VisualStudioVersion = 17.10.35004.147
MinimumVisualStudioVersion = 10.0.40219.1
Project("{FAE04EC0-301F-11D3-BF4B-00C04F79EFBC}") = "PaypalIntegration", "PaypalIntegration\PaypalIntegration.csproj", "{026DD3C9-D075-4C92-8187-7D9AD3D366D3}"
EndProject
Global
	GlobalSection(SolutionConfigurationPlatforms) = preSolution
		Debug|Any CPU = Debug|Any CPU
		Release|Any CPU = Release|Any CPU
	EndGlobalSection
	GlobalSection(ProjectConfigurationPlatforms) = postSolution
		{026DD3C9-D075-4C92-8187-7D9AD3D366D3}.Debug|Any CPU.ActiveCfg = Debug|Any CPU
		{026DD3C9-D075-4C92-8187-7D9AD3D366D3}.Debug|Any CPU.Build.0 = Debug|Any CPU
		{026DD3C9-D075-4C92-8187-7D9AD3D366D3}.Release|Any CPU.ActiveCfg = Release|Any CPU
		{026DD3C9-D075-4C92-8187-7D9AD3D366D3}.Release|Any CPU.Build.0 = Release|Any CPU
	EndGlobalSection
	GlobalSection(SolutionProperties) = preSolution
		HideSolutionNode = FALSE
	EndGlobalSection
	GlobalSection(ExtensibilityGlobals) = postSolution
		SolutionGuid = {302D05C9-640F-4F30-B80F-81BBB84BC7BD}
	EndGlobalSection
EndGlobal
